
Microsoft Visual Studio Solution File, Format Version 12.00
# Visual Studio Version 17
VisualStudioVersion = 17.6.33723.286
MinimumVisualStudioVersion = 10.0.40219.1
Project("{FAE04EC0-301F-11D3-BF4B-00C04F79EFBC}") = "PL", "PL\PL.csproj", "{A604301B-B72D-4A61-89DB-62B678C92506}"
EndProject
Project("{FAE04EC0-301F-11D3-BF4B-00C04F79EFBC}") = "DL", "DL\DL.csproj", "{B103B11E-ED57-451F-BB6D-6FD4FB9364EE}"
EndProject
Project("{FAE04EC0-301F-11D3-BF4B-00C04F79EFBC}") = "BL", "BL\BL.csproj", "{44C6991F-DFBC-4D2F-89B4-B0C6F6A7CE75}"
EndProject
Project("{FAE04EC0-301F-11D3-BF4B-00C04F79EFBC}") = "ML", "ML\ML.csproj", "{33622F92-3EF1-414B-9A74-AD09EA141FA8}"
EndProject
Global
	GlobalSection(SolutionConfigurationPlatforms) = preSolution
		Debug|Any CPU = Debug|Any CPU
		Release|Any CPU = Release|Any CPU
	EndGlobalSection
	GlobalSection(ProjectConfigurationPlatforms) = postSolution
		{A604301B-B72D-4A61-89DB-62B678C92506}.Debug|Any CPU.ActiveCfg = Debug|Any CPU
		{A604301B-B72D-4A61-89DB-62B678C92506}.Debug|Any CPU.Build.0 = Debug|Any CPU
		{A604301B-B72D-4A61-89DB-62B678C92506}.Release|Any CPU.ActiveCfg = Release|Any CPU
		{A604301B-B72D-4A61-89DB-62B678C92506}.Release|Any CPU.Build.0 = Release|Any CPU
		{B103B11E-ED57-451F-BB6D-6FD4FB9364EE}.Debug|Any CPU.ActiveCfg = Debug|Any CPU
		{B103B11E-ED57-451F-BB6D-6FD4FB9364EE}.Debug|Any CPU.Build.0 = Debug|Any CPU
		{B103B11E-ED57-451F-BB6D-6FD4FB9364EE}.Release|Any CPU.ActiveCfg = Release|Any CPU
		{B103B11E-ED57-451F-BB6D-6FD4FB9364EE}.Release|Any CPU.Build.0 = Release|Any CPU
		{44C6991F-DFBC-4D2F-89B4-B0C6F6A7CE75}.Debug|Any CPU.ActiveCfg = Debug|Any CPU
		{44C6991F-DFBC-4D2F-89B4-B0C6F6A7CE75}.Debug|Any CPU.Build.0 = Debug|Any CPU
		{44C6991F-DFBC-4D2F-89B4-B0C6F6A7CE75}.Release|Any CPU.ActiveCfg = Release|Any CPU
		{44C6991F-DFBC-4D2F-89B4-B0C6F6A7CE75}.Release|Any CPU.Build.0 = Release|Any CPU
		{33622F92-3EF1-414B-9A74-AD09EA141FA8}.Debug|Any CPU.ActiveCfg = Debug|Any CPU
		{33622F92-3EF1-414B-9A74-AD09EA141FA8}.Debug|Any CPU.Build.0 = Debug|Any CPU
		{33622F92-3EF1-414B-9A74-AD09EA141FA8}.Release|Any CPU.ActiveCfg = Release|Any CPU
		{33622F92-3EF1-414B-9A74-AD09EA141FA8}.Release|Any CPU.Build.0 = Release|Any CPU
	EndGlobalSection
	GlobalSection(SolutionProperties) = preSolution
		HideSolutionNode = FALSE
	EndGlobalSection
	GlobalSection(ExtensibilityGlobals) = postSolution
		SolutionGuid = {B5F4E015-7F2A-4D75-853E-8F06A148E4DA}
	EndGlobalSection
EndGlobal
